
Microsoft Visual Studio Solution File, Format Version 12.00
# Visual Studio Version 16
VisualStudioVersion = 16.0.31321.278
MinimumVisualStudioVersion = 10.0.40219.1
Project("{FAE04EC0-301F-11D3-BF4B-00C04F79EFBC}") = "MethodsWithLoopsAndConditionals", "MethodsWithLoopsAndConditionals\MethodsWithLoopsAndConditionals.csproj", "{D8D56AFD-BBB9-4978-8B4A-15A8594BA56C}"
EndProject
Global
	GlobalSection(SolutionConfigurationPlatforms) = preSolution
		Debug|Any CPU = Debug|Any CPU
		Release|Any CPU = Release|Any CPU
	EndGlobalSection
	GlobalSection(ProjectConfigurationPlatforms) = postSolution
		{D8D56AFD-BBB9-4978-8B4A-15A8594BA56C}.Debug|Any CPU.ActiveCfg = Debug|Any CPU
		{D8D56AFD-BBB9-4978-8B4A-15A8594BA56C}.Debug|Any CPU.Build.0 = Debug|Any CPU
		{D8D56AFD-BBB9-4978-8B4A-15A8594BA56C}.Release|Any CPU.ActiveCfg = Release|Any CPU
		{D8D56AFD-BBB9-4978-8B4A-15A8594BA56C}.Release|Any CPU.Build.0 = Release|Any CPU
	EndGlobalSection
	GlobalSection(SolutionProperties) = preSolution
		HideSolutionNode = FALSE
	EndGlobalSection
	GlobalSection(ExtensibilityGlobals) = postSolution
		SolutionGuid = {21009BD4-802D-4B80-BB18-2DAB06B48E5B}
	EndGlobalSection
EndGlobal
